
Microsoft Visual Studio Solution File, Format Version 12.00
# Visual Studio Version 16
VisualStudioVersion = 16.0.31004.235
MinimumVisualStudioVersion = 10.0.40219.1
Project("{FAE04EC0-301F-11D3-BF4B-00C04F79EFBC}") = "RateGame", "RateGame\RateGame.csproj", "{4E26502A-643F-4890-B028-11D24BF1A0B5}"
EndProject
Global
	GlobalSection(SolutionConfigurationPlatforms) = preSolution
		Debug|Any CPU = Debug|Any CPU
		Release|Any CPU = Release|Any CPU
	EndGlobalSection
	GlobalSection(ProjectConfigurationPlatforms) = postSolution
		{4E26502A-643F-4890-B028-11D24BF1A0B5}.Debug|Any CPU.ActiveCfg = Debug|Any CPU
		{4E26502A-643F-4890-B028-11D24BF1A0B5}.Debug|Any CPU.Build.0 = Debug|Any CPU
		{4E26502A-643F-4890-B028-11D24BF1A0B5}.Release|Any CPU.ActiveCfg = Release|Any CPU
		{4E26502A-643F-4890-B028-11D24BF1A0B5}.Release|Any CPU.Build.0 = Release|Any CPU
	EndGlobalSection
	GlobalSection(SolutionProperties) = preSolution
		HideSolutionNode = FALSE
	EndGlobalSection
	GlobalSection(ExtensibilityGlobals) = postSolution
		SolutionGuid = {BA5E1D99-D80A-4541-BB8D-88D6A4D4421D}
	EndGlobalSection
EndGlobal
